
Microsoft Visual Studio Solution File, Format Version 12.00
# Visual Studio Version 16
VisualStudioVersion = 16.0.29806.167
MinimumVisualStudioVersion = 10.0.40219.1
Project("{9A19103F-16F7-4668-BE54-9A1E7A4F7556}") = "hackernews", "hackernews\hackernews.csproj", "{C84BAF0C-231B-43C4-8EB6-4769FF01ABE6}"
EndProject
Project("{FAE04EC0-301F-11D3-BF4B-00C04F79EFBC}") = "hackernews.Tests", "hackernews.Tests\hackernews.Tests.csproj", "{05E348B0-2124-4688-A8E9-4C21922803AB}"
EndProject
Global
	GlobalSection(SolutionConfigurationPlatforms) = preSolution
		Debug|Any CPU = Debug|Any CPU
		Release|Any CPU = Release|Any CPU
	EndGlobalSection
	GlobalSection(ProjectConfigurationPlatforms) = postSolution
		{C84BAF0C-231B-43C4-8EB6-4769FF01ABE6}.Debug|Any CPU.ActiveCfg = Debug|Any CPU
		{C84BAF0C-231B-43C4-8EB6-4769FF01ABE6}.Debug|Any CPU.Build.0 = Debug|Any CPU
		{C84BAF0C-231B-43C4-8EB6-4769FF01ABE6}.Release|Any CPU.ActiveCfg = Release|Any CPU
		{C84BAF0C-231B-43C4-8EB6-4769FF01ABE6}.Release|Any CPU.Build.0 = Release|Any CPU
		{05E348B0-2124-4688-A8E9-4C21922803AB}.Debug|Any CPU.ActiveCfg = Debug|Any CPU
		{05E348B0-2124-4688-A8E9-4C21922803AB}.Debug|Any CPU.Build.0 = Debug|Any CPU
		{05E348B0-2124-4688-A8E9-4C21922803AB}.Release|Any CPU.ActiveCfg = Release|Any CPU
		{05E348B0-2124-4688-A8E9-4C21922803AB}.Release|Any CPU.Build.0 = Release|Any CPU
	EndGlobalSection
	GlobalSection(SolutionProperties) = preSolution
		HideSolutionNode = FALSE
	EndGlobalSection
	GlobalSection(ExtensibilityGlobals) = postSolution
		SolutionGuid = {2B6878B5-2E03-4FC7-8CAD-91F9E4C6E7CD}
	EndGlobalSection
EndGlobal
